
Microsoft Visual Studio Solution File, Format Version 12.00
# Visual Studio Version 17
VisualStudioVersion = 17.8.34309.116
MinimumVisualStudioVersion = 10.0.40219.1
Project("{FAE04EC0-301F-11D3-BF4B-00C04F79EFBC}") = "DungeonApplication", "DungeonApplication\DungeonApplication.csproj", "{88E8E361-241B-4F87-A8CC-5FAB12D1B759}"
EndProject
Project("{FAE04EC0-301F-11D3-BF4B-00C04F79EFBC}") = "DungeonLibrary", "DungeonLibrary\DungeonLibrary.csproj", "{A07B846F-C3AD-476D-8495-2B81220CDE63}"
EndProject
Global
	GlobalSection(SolutionConfigurationPlatforms) = preSolution
		Debug|Any CPU = Debug|Any CPU
		Release|Any CPU = Release|Any CPU
	EndGlobalSection
	GlobalSection(ProjectConfigurationPlatforms) = postSolution
		{88E8E361-241B-4F87-A8CC-5FAB12D1B759}.Debug|Any CPU.ActiveCfg = Debug|Any CPU
		{88E8E361-241B-4F87-A8CC-5FAB12D1B759}.Debug|Any CPU.Build.0 = Debug|Any CPU
		{88E8E361-241B-4F87-A8CC-5FAB12D1B759}.Release|Any CPU.ActiveCfg = Release|Any CPU
		{88E8E361-241B-4F87-A8CC-5FAB12D1B759}.Release|Any CPU.Build.0 = Release|Any CPU
		{A07B846F-C3AD-476D-8495-2B81220CDE63}.Debug|Any CPU.ActiveCfg = Debug|Any CPU
		{A07B846F-C3AD-476D-8495-2B81220CDE63}.Debug|Any CPU.Build.0 = Debug|Any CPU
		{A07B846F-C3AD-476D-8495-2B81220CDE63}.Release|Any CPU.ActiveCfg = Release|Any CPU
		{A07B846F-C3AD-476D-8495-2B81220CDE63}.Release|Any CPU.Build.0 = Release|Any CPU
	EndGlobalSection
	GlobalSection(SolutionProperties) = preSolution
		HideSolutionNode = FALSE
	EndGlobalSection
	GlobalSection(ExtensibilityGlobals) = postSolution
		SolutionGuid = {79763AEE-D4D9-4356-B264-3728278C936C}
	EndGlobalSection
EndGlobal
